{
  "version": 4,
  "terraform_version": "1.15.8",
  "serial": 39,
  "lineage": "f1a91d46-1be7-7307-0d61-8c31a33c4bd0",
  "outputs": {
    "fit_cli_gcp_network_name": {
      "value": "fit-cli-vpc",
      "type": "string"
    },
    "fit_cli_gcp_project_id": {
      "value": "couchbase-qe",
      "type": "string"
    },
    "fit_cli_gcp_service_account_email": {
      "value": "fit-cli-gcp@couchbase-qe.iam.gserviceaccount.com",
      "type": "string"
    },
    "fit_cli_gcp_subnet_name": {
      "value": "fit-cli-us-west1",
      "type": "string"
    },
    "fit_cli_gcp_workload_identity_provider": {
      "value": "projects/84079313096/locations/global/workloadIdentityPools/fit-cli-github/providers/github-actions",
      "type": "string"
    }
  },
  "resources": [
    {
      "mode": "data",
      "type": "google_project",
      "name": "current",
      "provider": "provider[\"registry.terraform.io/hashicorp/google\"]",
      "instances": [
        {
          "schema_version": 0,
          "attributes": {
            "auto_create_network": null,
            "billing_account": "019B08-BB2B25-96A2C5",
            "deletion_policy": "PREVENT",
            "effective_labels": {
              "costcenter": "130-qualityengineers"
            },
            "folder_id": "",
            "id": "projects/couchbase-qe",
            "labels": {
              "costcenter": "130-qualityengineers"
            },
            "name": "couchbase-qe",
            "number": "84079313096",
            "org_id": "430530022539",
            "project_id": "couchbase-qe",
            "tags": null,
            "terraform_labels": {
              "costcenter": "130-qualityengineers"
            }
          },
          "sensitive_attributes": [],
          "identity_schema_version": 0
        }
      ]
    },
    {
      "mode": "managed",
      "type": "google_compute_firewall",
      "name": "fit_cli_allow_iap_ssh",
      "provider": "provider[\"registry.terraform.io/hashicorp/google\"]",
      "instances": [
        {
          "schema_version": 1,
          "attributes": {
            "allow": [
              {
                "ports": [
                  "22"
                ],
                "protocol": "tcp"
              }
            ],
            "creation_timestamp": "2026-08-07T04:59:31.827-07:00",
            "deny": [],
            "description": "",
            "destination_ranges": [],
            "direction": "INGRESS",
            "disabled": false,
            "enable_logging": null,
            "id": "projects/couchbase-qe/global/firewalls/fit-cli-allow-iap-ssh",
            "log_config": [],
            "name": "fit-cli-allow-iap-ssh",
            "network": "https://www.googleapis.com/compute/v1/projects/couchbase-qe/global/networks/fit-cli-vpc",
            "params": [],
            "priority": 1000,
            "project": "couchbase-qe",
            "self_link": "https://www.googleapis.com/compute/v1/projects/couchbase-qe/global/firewalls/fit-cli-allow-iap-ssh",
            "source_ranges": [
              "35.235.240.0/20"
            ],
            "source_service_accounts": [],
            "source_tags": [],
            "target_service_accounts": [],
            "target_tags": [],
            "timeouts": null
          },
          "sensitive_attributes": [],
          "identity_schema_version": 0,
          "private": "eyJlMmJmYjczMC1lY2FhLTExZTYtOGY4OC0zNDM2M2JjN2M0YzAiOnsiY3JlYXRlIjoxMjAwMDAwMDAwMDAwLCJkZWxldGUiOjEyMDAwMDAwMDAwMDAsInVwZGF0ZSI6MTIwMDAwMDAwMDAwMH0sInNjaGVtYV92ZXJzaW9uIjoiMSJ9",
          "dependencies": [
            "google_compute_network.fit_cli",
            "google_project_service.fit_cli"
          ]
        }
      ]
    },
    {
      "mode": "managed",
      "type": "google_compute_firewall",
      "name": "fit_cli_allow_private_endpoint",
      "provider": "provider[\"registry.terraform.io/hashicorp/google\"]",
      "instances": [
        {
          "schema_version": 1,
          "attributes": {
            "allow": [
              {
                "ports": [],
                "protocol": "all"
              }
            ],
            "creation_timestamp": "2026-08-14T02:13:34.293-07:00",
            "deny": [],
            "description": "",
            "destination_ranges": [],
            "direction": "INGRESS",
            "disabled": false,
            "enable_logging": null,
            "id": "projects/couchbase-qe/global/firewalls/fit-cli-allow-private-endpoint",
            "log_config": [],
            "name": "fit-cli-allow-private-endpoint",
            "network": "https://www.googleapis.com/compute/v1/projects/couchbase-qe/global/networks/fit-cli-vpc",
            "params": [],
            "priority": 1000,
            "project": "couchbase-qe",
            "self_link": "https://www.googleapis.com/compute/v1/projects/couchbase-qe/global/firewalls/fit-cli-allow-private-endpoint",
            "source_ranges": [
              "10.60.1.0/24"
            ],
            "source_service_accounts": [],
            "source_tags": [],
            "target_service_accounts": [],
            "target_tags": [
              "fit-cli-private-endpoint"
            ],
            "timeouts": null
          },
          "sensitive_attributes": [],
          "identity_schema_version": 0,
          "private": "eyJlMmJmYjczMC1lY2FhLTExZTYtOGY4OC0zNDM2M2JjN2M0YzAiOnsiY3JlYXRlIjoxMjAwMDAwMDAwMDAwLCJkZWxldGUiOjEyMDAwMDAwMDAwMDAsInVwZGF0ZSI6MTIwMDAwMDAwMDAwMH0sInNjaGVtYV92ZXJzaW9uIjoiMSJ9",
          "dependencies": [
            "google_compute_network.fit_cli",
            "google_compute_subnetwork.fit_cli_us_west1",
            "google_project_service.fit_cli"
          ]
        }
      ]
    },
    {
      "mode": "managed",
      "type": "google_compute_network",
      "name": "fit_cli",
      "provider": "provider[\"registry.terraform.io/hashicorp/google\"]",
      "instances": [
        {
          "schema_version": 0,
          "attributes": {
            "auto_create_subnetworks": false,
            "bgp_always_compare_med": false,
            "bgp_best_path_selection_mode": "LEGACY",
            "bgp_inter_region_cost": "",
            "delete_default_routes_on_create": false,
            "description": "",
            "enable_ula_internal_ipv6": false,
            "gateway_ipv4": "",
            "id": "projects/couchbase-qe/global/networks/fit-cli-vpc",
            "internal_ipv6_range": "",
            "mtu": 0,
            "name": "fit-cli-vpc",
            "network_firewall_policy_enforcement_order": "AFTER_CLASSIC_FIREWALL",
            "network_id": "5041688934432142946",
            "network_profile": "",
            "numeric_id": "5041688934432142946",
            "params": [],
            "project": "couchbase-qe",
            "routing_mode": "REGIONAL",
            "self_link": "https://www.googleapis.com/compute/v1/projects/couchbase-qe/global/networks/fit-cli-vpc",
            "timeouts": null
          },
          "sensitive_attributes": [],
          "identity_schema_version": 0,
          "private": "eyJlMmJmYjczMC1lY2FhLTExZTYtOGY4OC0zNDM2M2JjN2M0YzAiOnsiY3JlYXRlIjoxMjAwMDAwMDAwMDAwLCJkZWxldGUiOjEyMDAwMDAwMDAwMDAsInVwZGF0ZSI6MTIwMDAwMDAwMDAwMH19",
          "dependencies": [
            "google_project_service.fit_cli"
          ]
        }
      ]
    },
    {
      "mode": "managed",
      "type": "google_compute_project_metadata_item",
      "name": "enable_oslogin",
      "provider": "provider[\"registry.terraform.io/hashicorp/google\"]",
      "instances": [
        {
          "schema_version": 0,
          "attributes": {
            "id": "enable-oslogin",
            "key": "enable-oslogin",
            "project": "couchbase-qe",
            "timeouts": null,
            "value": "TRUE"
          },
          "sensitive_attributes": [],
          "identity_schema_version": 0,
          "private": "eyJlMmJmYjczMC1lY2FhLTExZTYtOGY4OC0zNDM2M2JjN2M0YzAiOnsiY3JlYXRlIjo0MjAwMDAwMDAwMDAsImRlbGV0ZSI6NDIwMDAwMDAwMDAwLCJ1cGRhdGUiOjQyMDAwMDAwMDAwMH19",
          "dependencies": [
            "google_project_service.fit_cli"
          ]
        }
      ]
    },
    {
      "mode": "managed",
      "type": "google_compute_router",
      "name": "fit_cli_us_west1",
      "provider": "provider[\"registry.terraform.io/hashicorp/google\"]",
      "instances": [
        {
          "schema_version": 0,
          "attributes": {
            "bgp": [],
            "creation_timestamp": "2026-08-07T04:59:32.649-07:00",
            "description": "",
            "encrypted_interconnect_router": false,
            "id": "projects/couchbase-qe/regions/us-west1/routers/fit-cli-us-west1-router",
            "md5_authentication_keys": [],
            "name": "fit-cli-us-west1-router",
            "network": "https://www.googleapis.com/compute/v1/projects/couchbase-qe/global/networks/fit-cli-vpc",
            "project": "couchbase-qe",
            "region": "us-west1",
            "self_link": "https://www.googleapis.com/compute/v1/projects/couchbase-qe/regions/us-west1/routers/fit-cli-us-west1-router",
            "timeouts": null
          },
          "sensitive_attributes": [],
          "identity_schema_version": 0,
          "private": "eyJlMmJmYjczMC1lY2FhLTExZTYtOGY4OC0zNDM2M2JjN2M0YzAiOnsiY3JlYXRlIjoxMjAwMDAwMDAwMDAwLCJkZWxldGUiOjEyMDAwMDAwMDAwMDAsInVwZGF0ZSI6MTIwMDAwMDAwMDAwMH19",
          "dependencies": [
            "google_compute_network.fit_cli",
            "google_project_service.fit_cli"
          ]
        }
      ]
    },
    {
      "mode": "managed",
      "type": "google_compute_router_nat",
      "name": "fit_cli_us_west1",
      "provider": "provider[\"registry.terraform.io/hashicorp/google\"]",
      "instances": [
        {
          "schema_version": 0,
          "attributes": {
            "auto_network_tier": null,
            "drain_nat_ips": [],
            "enable_dynamic_port_allocation": false,
            "enable_endpoint_independent_mapping": false,
            "endpoint_types": [
              "ENDPOINT_TYPE_VM"
            ],
            "icmp_idle_timeout_sec": 30,
            "id": "couchbase-qe/us-west1/fit-cli-us-west1-router/fit-cli-us-west1-nat",
            "initial_nat_ips": null,
            "log_config": [],
            "max_ports_per_vm": 0,
            "min_ports_per_vm": 0,
            "name": "fit-cli-us-west1-nat",
            "nat64_subnetwork": [],
            "nat_ip_allocate_option": "AUTO_ONLY",
            "nat_ips": [],
            "project": "couchbase-qe",
            "region": "us-west1",
            "router": "fit-cli-us-west1-router",
            "rules": [],
            "source_subnetwork_ip_ranges_to_nat": "ALL_SUBNETWORKS_ALL_IP_RANGES",
            "source_subnetwork_ip_ranges_to_nat64": "",
            "subnetwork": [],
            "tcp_established_idle_timeout_sec": 1200,
            "tcp_time_wait_timeout_sec": 120,
            "tcp_transitory_idle_timeout_sec": 30,
            "timeouts": null,
            "type": "PUBLIC",
            "udp_idle_timeout_sec": 30
          },
          "sensitive_attributes": [],
          "identity_schema_version": 0,
          "private": "eyJlMmJmYjczMC1lY2FhLTExZTYtOGY4OC0zNDM2M2JjN2M0YzAiOnsiY3JlYXRlIjoxMjAwMDAwMDAwMDAwLCJkZWxldGUiOjEyMDAwMDAwMDAwMDAsInVwZGF0ZSI6MTIwMDAwMDAwMDAwMH19",
          "dependencies": [
            "google_compute_network.fit_cli",
            "google_compute_router.fit_cli_us_west1",
            "google_project_service.fit_cli"
          ]
        }
      ]
    },
    {
      "mode": "managed",
      "type": "google_compute_subnetwork",
      "name": "fit_cli_us_west1",
      "provider": "provider[\"registry.terraform.io/hashicorp/google\"]",
      "instances": [
        {
          "schema_version": 0,
          "attributes": {
            "creation_timestamp": "2026-08-07T04:59:32.031-07:00",
            "description": "",
            "enable_flow_logs": false,
            "external_ipv6_prefix": "",
            "fingerprint": null,
            "gateway_address": "10.60.1.1",
            "id": "projects/couchbase-qe/regions/us-west1/subnetworks/fit-cli-us-west1",
            "internal_ipv6_prefix": "",
            "ip_cidr_range": "10.60.1.0/24",
            "ip_collection": null,
            "ipv6_access_type": "",
            "ipv6_cidr_range": "",
            "ipv6_gce_endpoint": "",
            "log_config": [],
            "name": "fit-cli-us-west1",
            "network": "https://www.googleapis.com/compute/v1/projects/couchbase-qe/global/networks/fit-cli-vpc",
            "params": [],
            "private_ip_google_access": true,
            "private_ipv6_google_access": "DISABLE_GOOGLE_ACCESS",
            "project": "couchbase-qe",
            "purpose": "PRIVATE",
            "region": "us-west1",
            "reserved_internal_range": "",
            "role": "",
            "secondary_ip_range": [],
            "self_link": "https://www.googleapis.com/compute/v1/projects/couchbase-qe/regions/us-west1/subnetworks/fit-cli-us-west1",
            "send_secondary_ip_range_if_empty": null,
            "stack_type": "IPV4_ONLY",
            "state": "",
            "subnetwork_id": 942617983020725835,
            "timeouts": null
          },
          "sensitive_attributes": [],
          "identity_schema_version": 0,
          "private": "eyJlMmJmYjczMC1lY2FhLTExZTYtOGY4OC0zNDM2M2JjN2M0YzAiOnsiY3JlYXRlIjoxMjAwMDAwMDAwMDAwLCJkZWxldGUiOjEyMDAwMDAwMDAwMDAsInVwZGF0ZSI6MTIwMDAwMDAwMDAwMH19",
          "dependencies": [
            "google_compute_network.fit_cli",
            "google_project_service.fit_cli"
          ]
        }
      ]
    },
    {
      "mode": "managed",
      "type": "google_iam_workload_identity_pool",
      "name": "github",
      "provider": "provider[\"registry.terraform.io/hashicorp/google\"]",
      "instances": [
        {
          "schema_version": 0,
          "attributes": {
            "description": "",
            "disabled": false,
            "display_name": "fit-cli GitHub Actions",
            "id": "projects/couchbase-qe/locations/global/workloadIdentityPools/fit-cli-github",
            "name": "projects/84079313096/locations/global/workloadIdentityPools/fit-cli-github",
            "project": "couchbase-qe",
            "state": "ACTIVE",
            "timeouts": null,
            "workload_identity_pool_id": "fit-cli-github"
          },
          "sensitive_attributes": [],
          "identity_schema_version": 0,
          "private": "eyJlMmJmYjczMC1lY2FhLTExZTYtOGY4OC0zNDM2M2JjN2M0YzAiOnsiY3JlYXRlIjoxMjAwMDAwMDAwMDAwLCJkZWxldGUiOjEyMDAwMDAwMDAwMDAsInVwZGF0ZSI6MTIwMDAwMDAwMDAwMH19"
        }
      ]
    },
    {
      "mode": "managed",
      "type": "google_iam_workload_identity_pool_provider",
      "name": "github",
      "provider": "provider[\"registry.terraform.io/hashicorp/google\"]",
      "instances": [
        {
          "schema_version": 0,
          "attributes": {
            "attribute_condition": "assertion.repository in [\"couchbaselabs/fit-cli\",\"couchbaselabs/transactions-fit-performer\",\"couchbase/couchbase-jvm-clients\",\"couchbase/couchbase-analytics-jvm-clients\",\"couchbase/couchbase-cxx-client\",\"couchbase/couchbase-net-client\",\"couchbase/gocb\",\"couchbase/couchnode\",\"couchbase/couchbase-python-client\",\"couchbase/couchbase-ruby-client\",\"couchbase/couchbase-rs\",\"couchbase/couchbase-php-client\",\"couchbase/analytics-dotnet-client\"] || (assertion.repository == \"programmatix/couchbase-jvm-clients\" \u0026\u0026 assertion.actor == \"programmatix\")",
            "attribute_mapping": {
              "attribute.repository": "assertion.repository",
              "google.subject": "assertion.sub"
            },
            "aws": [],
            "description": "",
            "disabled": false,
            "display_name": "GitHub Actions OIDC",
            "id": "projects/couchbase-qe/locations/global/workloadIdentityPools/fit-cli-github/providers/github-actions",
            "name": "projects/84079313096/locations/global/workloadIdentityPools/fit-cli-github/providers/github-actions",
            "oidc": [
              {
                "allowed_audiences": [],
                "issuer_uri": "https://token.actions.githubusercontent.com",
                "jwks_json": ""
              }
            ],
            "project": "couchbase-qe",
            "saml": [],
            "state": "ACTIVE",
            "timeouts": null,
            "workload_identity_pool_id": "fit-cli-github",
            "workload_identity_pool_provider_id": "github-actions",
            "x509": []
          },
          "sensitive_attributes": [],
          "identity_schema_version": 0,
          "private": "eyJlMmJmYjczMC1lY2FhLTExZTYtOGY4OC0zNDM2M2JjN2M0YzAiOnsiY3JlYXRlIjoxMjAwMDAwMDAwMDAwLCJkZWxldGUiOjEyMDAwMDAwMDAwMDAsInVwZGF0ZSI6MTIwMDAwMDAwMDAwMH19",
          "dependencies": [
            "google_iam_workload_identity_pool.github"
          ]
        }
      ]
    },
    {
      "mode": "managed",
      "type": "google_project_iam_member",
      "name": "fit_cli_gcp_instance_roles",
      "provider": "provider[\"registry.terraform.io/hashicorp/google\"]",
      "instances": [
        {
          "index_key": "roles/compute.instanceAdmin.v1",
          "schema_version": 0,
          "attributes": {
            "condition": [],
            "etag": "BwZZzuJ7n9E=",
            "id": "couchbase-qe/roles/compute.instanceAdmin.v1/serviceAccount:fit-cli-gcp@couchbase-qe.iam.gserviceaccount.com",
            "member": "serviceAccount:fit-cli-gcp@couchbase-qe.iam.gserviceaccount.com",
            "project": "couchbase-qe",
            "role": "roles/compute.instanceAdmin.v1"
          },
          "sensitive_attributes": [],
          "identity_schema_version": 0,
          "private": "bnVsbA==",
          "dependencies": [
            "google_service_account.fit_cli_gcp"
          ]
        },
        {
          "index_key": "roles/compute.networkAdmin",
          "schema_version": 0,
          "attributes": {
            "condition": [],
            "etag": "BwZZzuJ7n9E=",
            "id": "couchbase-qe/roles/compute.networkAdmin/serviceAccount:fit-cli-gcp@couchbase-qe.iam.gserviceaccount.com",
            "member": "serviceAccount:fit-cli-gcp@couchbase-qe.iam.gserviceaccount.com",
            "project": "couchbase-qe",
            "role": "roles/compute.networkAdmin"
          },
          "sensitive_attributes": [],
          "identity_schema_version": 0,
          "private": "bnVsbA==",
          "dependencies": [
            "google_service_account.fit_cli_gcp"
          ]
        },
        {
          "index_key": "roles/compute.viewer",
          "schema_version": 0,
          "attributes": {
            "condition": [],
            "etag": "BwZZzuJ7n9E=",
            "id": "couchbase-qe/roles/compute.viewer/serviceAccount:fit-cli-gcp@couchbase-qe.iam.gserviceaccount.com",
            "member": "serviceAccount:fit-cli-gcp@couchbase-qe.iam.gserviceaccount.com",
            "project": "couchbase-qe",
            "role": "roles/compute.viewer"
          },
          "sensitive_attributes": [],
          "identity_schema_version": 0,
          "private": "bnVsbA==",
          "dependencies": [
            "google_service_account.fit_cli_gcp"
          ]
        },
        {
          "index_key": "roles/dns.admin",
          "schema_version": 0,
          "attributes": {
            "condition": [],
            "etag": "BwZZzuJ7n9E=",
            "id": "couchbase-qe/roles/dns.admin/serviceAccount:fit-cli-gcp@couchbase-qe.iam.gserviceaccount.com",
            "member": "serviceAccount:fit-cli-gcp@couchbase-qe.iam.gserviceaccount.com",
            "project": "couchbase-qe",
            "role": "roles/dns.admin"
          },
          "sensitive_attributes": [],
          "identity_schema_version": 0,
          "private": "bnVsbA==",
          "dependencies": [
            "google_service_account.fit_cli_gcp"
          ]
        }
      ]
    },
    {
      "mode": "managed",
      "type": "google_project_iam_member",
      "name": "fit_cli_iap_tunnel_accessor",
      "provider": "provider[\"registry.terraform.io/hashicorp/google\"]",
      "instances": [
        {
          "index_key": "group:sdk_core@couchbase.com",
          "schema_version": 0,
          "attributes": {
            "condition": [],
            "etag": "BwZZzuJ7n9E=",
            "id": "couchbase-qe/roles/iap.tunnelResourceAccessor/group:sdk_core@couchbase.com",
            "member": "group:sdk_core@couchbase.com",
            "project": "couchbase-qe",
            "role": "roles/iap.tunnelResourceAccessor"
          },
          "sensitive_attributes": [],
          "identity_schema_version": 0,
          "private": "bnVsbA=="
        },
        {
          "index_key": "serviceAccount:fit-cli-gcp@couchbase-qe.iam.gserviceaccount.com",
          "schema_version": 0,
          "attributes": {
            "condition": [],
            "etag": "BwZZ3BIqhA4=",
            "id": "couchbase-qe/roles/iap.tunnelResourceAccessor/serviceAccount:fit-cli-gcp@couchbase-qe.iam.gserviceaccount.com",
            "member": "serviceAccount:fit-cli-gcp@couchbase-qe.iam.gserviceaccount.com",
            "project": "couchbase-qe",
            "role": "roles/iap.tunnelResourceAccessor"
          },
          "sensitive_attributes": [],
          "identity_schema_version": 0,
          "private": "bnVsbA=="
        }
      ]
    },
    {
      "mode": "managed",
      "type": "google_project_iam_member",
      "name": "fit_cli_instance_admin",
      "provider": "provider[\"registry.terraform.io/hashicorp/google\"]",
      "instances": [
        {
          "index_key": "group:sdk_core@couchbase.com",
          "schema_version": 0,
          "attributes": {
            "condition": [],
            "etag": "BwZZzuJ7n9E=",
            "id": "couchbase-qe/roles/compute.instanceAdmin.v1/group:sdk_core@couchbase.com",
            "member": "group:sdk_core@couchbase.com",
            "project": "couchbase-qe",
            "role": "roles/compute.instanceAdmin.v1"
          },
          "sensitive_attributes": [],
          "identity_schema_version": 0,
          "private": "bnVsbA=="
        },
        {
          "index_key": "serviceAccount:fit-cli-gcp@couchbase-qe.iam.gserviceaccount.com",
          "schema_version": 0,
          "attributes": {
            "condition": [],
            "etag": "BwZZ3BIqhA4=",
            "id": "couchbase-qe/roles/compute.instanceAdmin.v1/serviceAccount:fit-cli-gcp@couchbase-qe.iam.gserviceaccount.com",
            "member": "serviceAccount:fit-cli-gcp@couchbase-qe.iam.gserviceaccount.com",
            "project": "couchbase-qe",
            "role": "roles/compute.instanceAdmin.v1"
          },
          "sensitive_attributes": [],
          "identity_schema_version": 0,
          "private": "bnVsbA=="
        }
      ]
    },
    {
      "mode": "managed",
      "type": "google_project_iam_member",
      "name": "fit_cli_os_login",
      "provider": "provider[\"registry.terraform.io/hashicorp/google\"]",
      "instances": [
        {
          "index_key": "group:sdk_core@couchbase.com",
          "schema_version": 0,
          "attributes": {
            "condition": [],
            "etag": "BwZZzuJ7n9E=",
            "id": "couchbase-qe/roles/compute.osLogin/group:sdk_core@couchbase.com",
            "member": "group:sdk_core@couchbase.com",
            "project": "couchbase-qe",
            "role": "roles/compute.osLogin"
          },
          "sensitive_attributes": [],
          "identity_schema_version": 0,
          "private": "bnVsbA=="
        },
        {
          "index_key": "serviceAccount:fit-cli-gcp@couchbase-qe.iam.gserviceaccount.com",
          "schema_version": 0,
          "attributes": {
            "condition": [],
            "etag": "BwZZ3BIqhA4=",
            "id": "couchbase-qe/roles/compute.osLogin/serviceAccount:fit-cli-gcp@couchbase-qe.iam.gserviceaccount.com",
            "member": "serviceAccount:fit-cli-gcp@couchbase-qe.iam.gserviceaccount.com",
            "project": "couchbase-qe",
            "role": "roles/compute.osLogin"
          },
          "sensitive_attributes": [],
          "identity_schema_version": 0,
          "private": "bnVsbA=="
        }
      ]
    },
    {
      "mode": "managed",
      "type": "google_project_service",
      "name": "fit_cli",
      "provider": "provider[\"registry.terraform.io/hashicorp/google\"]",
      "instances": [
        {
          "index_key": "compute.googleapis.com",
          "schema_version": 0,
          "attributes": {
            "disable_dependent_services": null,
            "disable_on_destroy": false,
            "id": "couchbase-qe/compute.googleapis.com",
            "project": "couchbase-qe",
            "service": "compute.googleapis.com",
            "timeouts": null
          },
          "sensitive_attributes": [],
          "identity_schema_version": 0,
          "private": "eyJlMmJmYjczMC1lY2FhLTExZTYtOGY4OC0zNDM2M2JjN2M0YzAiOnsiY3JlYXRlIjoxMjAwMDAwMDAwMDAwLCJkZWxldGUiOjEyMDAwMDAwMDAwMDAsInJlYWQiOjYwMDAwMDAwMDAwMCwidXBkYXRlIjoxMjAwMDAwMDAwMDAwfX0="
        },
        {
          "index_key": "dns.googleapis.com",
          "schema_version": 0,
          "attributes": {
            "disable_dependent_services": null,
            "disable_on_destroy": false,
            "id": "couchbase-qe/dns.googleapis.com",
            "project": "couchbase-qe",
            "service": "dns.googleapis.com",
            "timeouts": null
          },
          "sensitive_attributes": [],
          "identity_schema_version": 0,
          "private": "eyJlMmJmYjczMC1lY2FhLTExZTYtOGY4OC0zNDM2M2JjN2M0YzAiOnsiY3JlYXRlIjoxMjAwMDAwMDAwMDAwLCJkZWxldGUiOjEyMDAwMDAwMDAwMDAsInJlYWQiOjYwMDAwMDAwMDAwMCwidXBkYXRlIjoxMjAwMDAwMDAwMDAwfX0="
        },
        {
          "index_key": "iap.googleapis.com",
          "schema_version": 0,
          "attributes": {
            "disable_dependent_services": null,
            "disable_on_destroy": false,
            "id": "couchbase-qe/iap.googleapis.com",
            "project": "couchbase-qe",
            "service": "iap.googleapis.com",
            "timeouts": null
          },
          "sensitive_attributes": [],
          "identity_schema_version": 0,
          "private": "eyJlMmJmYjczMC1lY2FhLTExZTYtOGY4OC0zNDM2M2JjN2M0YzAiOnsiY3JlYXRlIjoxMjAwMDAwMDAwMDAwLCJkZWxldGUiOjEyMDAwMDAwMDAwMDAsInJlYWQiOjYwMDAwMDAwMDAwMCwidXBkYXRlIjoxMjAwMDAwMDAwMDAwfX0="
        },
        {
          "index_key": "oslogin.googleapis.com",
          "schema_version": 0,
          "attributes": {
            "disable_dependent_services": null,
            "disable_on_destroy": false,
            "id": "couchbase-qe/oslogin.googleapis.com",
            "project": "couchbase-qe",
            "service": "oslogin.googleapis.com",
            "timeouts": null
          },
          "sensitive_attributes": [],
          "identity_schema_version": 0,
          "private": "eyJlMmJmYjczMC1lY2FhLTExZTYtOGY4OC0zNDM2M2JjN2M0YzAiOnsiY3JlYXRlIjoxMjAwMDAwMDAwMDAwLCJkZWxldGUiOjEyMDAwMDAwMDAwMDAsInJlYWQiOjYwMDAwMDAwMDAwMCwidXBkYXRlIjoxMjAwMDAwMDAwMDAwfX0="
        }
      ]
    },
    {
      "mode": "managed",
      "type": "google_service_account",
      "name": "fit_cli_gcp",
      "provider": "provider[\"registry.terraform.io/hashicorp/google\"]",
      "instances": [
        {
          "schema_version": 0,
          "attributes": {
            "account_id": "fit-cli-gcp",
            "create_ignore_already_exists": null,
            "description": "Attached to GCP instances fit-cli launches. Managed by Terraform in couchbaselabs/fit-cli - don't edit directly.",
            "disabled": false,
            "display_name": "fit-cli GCP compute",
            "email": "fit-cli-gcp@couchbase-qe.iam.gserviceaccount.com",
            "id": "projects/couchbase-qe/serviceAccounts/fit-cli-gcp@couchbase-qe.iam.gserviceaccount.com",
            "member": "serviceAccount:fit-cli-gcp@couchbase-qe.iam.gserviceaccount.com",
            "name": "projects/couchbase-qe/serviceAccounts/fit-cli-gcp@couchbase-qe.iam.gserviceaccount.com",
            "project": "couchbase-qe",
            "timeouts": null,
            "unique_id": "100428434130741949988"
          },
          "sensitive_attributes": [],
          "identity_schema_version": 0,
          "private": "eyJlMmJmYjczMC1lY2FhLTExZTYtOGY4OC0zNDM2M2JjN2M0YzAiOnsiY3JlYXRlIjozMDAwMDAwMDAwMDB9fQ=="
        }
      ]
    },
    {
      "mode": "managed",
      "type": "google_service_account_iam_member",
      "name": "fit_cli_gcp_user",
      "provider": "provider[\"registry.terraform.io/hashicorp/google\"]",
      "instances": [
        {
          "index_key": "group:sdk_core@couchbase.com",
          "schema_version": 0,
          "attributes": {
            "condition": [],
            "etag": "BwZYrqZ+2lQ=",
            "id": "projects/couchbase-qe/serviceAccounts/fit-cli-gcp@couchbase-qe.iam.gserviceaccount.com/roles/iam.serviceAccountUser/group:sdk_core@couchbase.com",
            "member": "group:sdk_core@couchbase.com",
            "role": "roles/iam.serviceAccountUser",
            "service_account_id": "projects/couchbase-qe/serviceAccounts/fit-cli-gcp@couchbase-qe.iam.gserviceaccount.com"
          },
          "sensitive_attributes": [],
          "identity_schema_version": 0,
          "private": "bnVsbA==",
          "dependencies": [
            "google_service_account.fit_cli_gcp"
          ]
        },
        {
          "index_key": "serviceAccount:fit-cli-gcp@couchbase-qe.iam.gserviceaccount.com",
          "schema_version": 0,
          "attributes": {
            "condition": [],
            "etag": "BwZZ3BHzl4Q=",
            "id": "projects/couchbase-qe/serviceAccounts/fit-cli-gcp@couchbase-qe.iam.gserviceaccount.com/roles/iam.serviceAccountUser/serviceAccount:fit-cli-gcp@couchbase-qe.iam.gserviceaccount.com",
            "member": "serviceAccount:fit-cli-gcp@couchbase-qe.iam.gserviceaccount.com",
            "role": "roles/iam.serviceAccountUser",
            "service_account_id": "projects/couchbase-qe/serviceAccounts/fit-cli-gcp@couchbase-qe.iam.gserviceaccount.com"
          },
          "sensitive_attributes": [],
          "identity_schema_version": 0,
          "private": "bnVsbA==",
          "dependencies": [
            "google_service_account.fit_cli_gcp"
          ]
        }
      ]
    },
    {
      "mode": "managed",
      "type": "google_service_account_iam_member",
      "name": "fit_cli_gcp_workload_identity",
      "provider": "provider[\"registry.terraform.io/hashicorp/google\"]",
      "instances": [
        {
          "schema_version": 0,
          "attributes": {
            "condition": [],
            "etag": "BwZYrqZ+2lQ=",
            "id": "projects/couchbase-qe/serviceAccounts/fit-cli-gcp@couchbase-qe.iam.gserviceaccount.com/roles/iam.workloadIdentityUser/principalSet://iam.googleapis.com/projects/84079313096/locations/global/workloadIdentityPools/fit-cli-github/*",
            "member": "principalSet://iam.googleapis.com/projects/84079313096/locations/global/workloadIdentityPools/fit-cli-github/*",
            "role": "roles/iam.workloadIdentityUser",
            "service_account_id": "projects/couchbase-qe/serviceAccounts/fit-cli-gcp@couchbase-qe.iam.gserviceaccount.com"
          },
          "sensitive_attributes": [],
          "identity_schema_version": 0,
          "private": "bnVsbA==",
          "dependencies": [
            "data.google_project.current",
            "google_iam_workload_identity_pool.github",
            "google_service_account.fit_cli_gcp"
          ]
        }
      ]
    }
  ],
  "check_results": null
}
